{
  "requires": true,
  "lockfileVersion": 1,
  "dependencies": {
    "@angular/flex-layout": {
      "version": "7.0.0-beta.24",
      "resolved": "https://registry.npmjs.org/@angular/flex-layout/-/flex-layout-7.0.0-beta.24.tgz",
      "integrity": "sha512-ll6sK0nLGxqI/f5+z4jbd+pve1QITzgehv2AuGvfSDgIjPMeqUDB5YZqQmIGM/dQRk/vIio5KCW5LQPJWzMMYQ==",
      "requires": {
        "tslib": "^1.7.1"
      }
    },
    "tslib": {
      "version": "1.10.0",
      "resolved": "https://registry.npmjs.org/tslib/-/tslib-1.10.0.tgz",
      "integrity": "sha512-qOebF53frne81cf0S9B41ByenJ3/IuH8yJKngAX35CmiZySA0khhkovshKK+jGCaMnVomla7gVlIcc3EvKPbTQ=="
    }
  }
}
